PODS:
  - KommunicateCore-iOS-SDK (1.0.3)

DEPENDENCIES:
  - KommunicateCore-iOS-SDK (from `../`)

EXTERNAL SOURCES:
  KommunicateCore-iOS-SDK:
    :path: "../"

SPEC CHECKSUMS:
  KommunicateCore-iOS-SDK: 6588c2767dc40a3a803de8c7440582ae35d9c1c9

PODFILE CHECKSUM: 8b029372b67d72364ec33cf0ba3ca373cec02677

COCOAPODS: 1.11.3
