PODS:
  - KommunicateCore-iOS-SDK (1.1.5)

DEPENDENCIES:
  - KommunicateCore-iOS-SDK (from `../`)

EXTERNAL SOURCES:
  KommunicateCore-iOS-SDK:
    :path: "../"

SPEC CHECKSUMS:
  KommunicateCore-iOS-SDK: 83e2c8d5b3007417354752a457068bd07e6d2e03

PODFILE CHECKSUM: 7027d57d0977da2f7eeddd9ce9eb5c4b46250a39

COCOAPODS: 1.12.1
