PODS:
  - KommunicateCore-iOS-SDK (1.0.9)

DEPENDENCIES:
  - KommunicateCore-iOS-SDK (from `../`)

EXTERNAL SOURCES:
  KommunicateCore-iOS-SDK:
    :path: "../"

SPEC CHECKSUMS:
  KommunicateCore-iOS-SDK: 83d8bbdbf06be9bd7e20808752a260aa3c633695

PODFILE CHECKSUM: 8b029372b67d72364ec33cf0ba3ca373cec02677

COCOAPODS: 1.12.1
